
Microsoft Visual Studio Solution File, Format Version 12.00
# Visual Studio 15
Project("{FAE04EC0-301F-11D3-BF4B-00C04F79EFBC}") = "FightArena", "Assembly-CSharp.csproj", "{F77CD281-1399-FEA5-4C30-D5F15A1CB04D}"
EndProject
Project("{FAE04EC0-301F-11D3-BF4B-00C04F79EFBC}") = "FightArena", "Assembly-CSharp-Editor.csproj", "{BF7CABBA-8ACC-B6CA-7143-E54F915EC845}"
EndProject
Global
	GlobalSection(SolutionConfigurationPlatforms) = preSolution
		Debug|Any CPU = Debug|Any CPU
		Release|Any CPU = Release|Any CPU
	EndGlobalSection
	GlobalSection(ProjectConfigurationPlatforms) = postSolution
		{F77CD281-1399-FEA5-4C30-D5F15A1CB04D}.Debug|Any CPU.ActiveCfg = Debug|Any CPU
		{F77CD281-1399-FEA5-4C30-D5F15A1CB04D}.Debug|Any CPU.Build.0 = Debug|Any CPU
		{F77CD281-1399-FEA5-4C30-D5F15A1CB04D}.Release|Any CPU.ActiveCfg = Release|Any CPU
		{F77CD281-1399-FEA5-4C30-D5F15A1CB04D}.Release|Any CPU.Build.0 = Release|Any CPU
		{BF7CABBA-8ACC-B6CA-7143-E54F915EC845}.Debug|Any CPU.ActiveCfg = Debug|Any CPU
		{BF7CABBA-8ACC-B6CA-7143-E54F915EC845}.Debug|Any CPU.Build.0 = Debug|Any CPU
		{BF7CABBA-8ACC-B6CA-7143-E54F915EC845}.Release|Any CPU.ActiveCfg = Release|Any CPU
		{BF7CABBA-8ACC-B6CA-7143-E54F915EC845}.Release|Any CPU.Build.0 = Release|Any CPU
	EndGlobalSection
	GlobalSection(SolutionProperties) = preSolution
		HideSolutionNode = FALSE
	EndGlobalSection
EndGlobal
